
Microsoft Visual Studio Solution File, Format Version 12.00
# Visual Studio Version 17
VisualStudioVersion = 17.9.34714.143
MinimumVisualStudioVersion = 10.0.40219.1
Project("{FAE04EC0-301F-11D3-BF4B-00C04F79EFBC}") = "FicheroPrograma2opciones", "FicheroPrograma2opciones.csproj", "{B4D8F3A0-82DB-4E77-A460-660A0A001657}"
EndProject
Global
	GlobalSection(SolutionConfigurationPlatforms) = preSolution
		Debug|Any CPU = Debug|Any CPU
		Release|Any CPU = Release|Any CPU
	EndGlobalSection
	GlobalSection(ProjectConfigurationPlatforms) = postSolution
		{B4D8F3A0-82DB-4E77-A460-660A0A001657}.Debug|Any CPU.ActiveCfg = Debug|Any CPU
		{B4D8F3A0-82DB-4E77-A460-660A0A001657}.Debug|Any CPU.Build.0 = Debug|Any CPU
		{B4D8F3A0-82DB-4E77-A460-660A0A001657}.Release|Any CPU.ActiveCfg = Release|Any CPU
		{B4D8F3A0-82DB-4E77-A460-660A0A001657}.Release|Any CPU.Build.0 = Release|Any CPU
	EndGlobalSection
	GlobalSection(SolutionProperties) = preSolution
		HideSolutionNode = FALSE
	EndGlobalSection
	GlobalSection(ExtensibilityGlobals) = postSolution
		SolutionGuid = {C014DE70-0C83-4963-9B76-B0A6E3DB9151}
	EndGlobalSection
EndGlobal
